
Microsoft Visual Studio Solution File, Format Version 12.00
# Visual Studio Version 16
VisualStudioVersion = 16.0.28922.388
MinimumVisualStudioVersion = 10.0.40219.1
Project("{9A19103F-16F7-4668-BE54-9A1E7A4F7556}") = "Send", "Send.csproj", "{FAB2A8AF-61A0-4735-9B75-C2D8C9123FB4}"
EndProject
Global
	GlobalSection(SolutionConfigurationPlatforms) = preSolution
		Debug|Any CPU = Debug|Any CPU
		Release|Any CPU = Release|Any CPU
	EndGlobalSection
	GlobalSection(ProjectConfigurationPlatforms) = postSolution
		{FAB2A8AF-61A0-4735-9B75-C2D8C9123FB4}.Debug|Any CPU.ActiveCfg = Debug|Any CPU
		{FAB2A8AF-61A0-4735-9B75-C2D8C9123FB4}.Debug|Any CPU.Build.0 = Debug|Any CPU
		{FAB2A8AF-61A0-4735-9B75-C2D8C9123FB4}.Release|Any CPU.ActiveCfg = Release|Any CPU
		{FAB2A8AF-61A0-4735-9B75-C2D8C9123FB4}.Release|Any CPU.Build.0 = Release|Any CPU
	EndGlobalSection
	GlobalSection(SolutionProperties) = preSolution
		HideSolutionNode = FALSE
	EndGlobalSection
	GlobalSection(ExtensibilityGlobals) = postSolution
		SolutionGuid = {E99CCDF3-951C-4013-83D4-37C697FAE6C7}
	EndGlobalSection
EndGlobal
